
Microsoft Visual Studio Solution File, Format Version 12.00
# Visual Studio Version 17
VisualStudioVersion = 17.12.35527.113
MinimumVisualStudioVersion = 10.0.40219.1
Project("{FAE04EC0-301F-11D3-BF4B-00C04F79EFBC}") = "ElasticSync.NET", "ElasticSync.NET\ElasticSync.NET.csproj", "{3ECB9AEA-EBAB-422E-A01D-1D9C6CB8739E}"
EndProject
Project("{FAE04EC0-301F-11D3-BF4B-00C04F79EFBC}") = "ElasticSync.Net.PostgreSql", "..\ElasticSync.Net.PostgreSql\ElasticSync.Net.PostgreSql.csproj", "{BE72300D-59D3-4A25-ABF6-CA173747BEBE}"
EndProject
Global
	GlobalSection(SolutionConfigurationPlatforms) = preSolution
		Debug|Any CPU = Debug|Any CPU
		Release|Any CPU = Release|Any CPU
	EndGlobalSection
	GlobalSection(ProjectConfigurationPlatforms) = postSolution
		{3ECB9AEA-EBAB-422E-A01D-1D9C6CB8739E}.Debug|Any CPU.ActiveCfg = Debug|Any CPU
		{3ECB9AEA-EBAB-422E-A01D-1D9C6CB8739E}.Debug|Any CPU.Build.0 = Debug|Any CPU
		{3ECB9AEA-EBAB-422E-A01D-1D9C6CB8739E}.Release|Any CPU.ActiveCfg = Release|Any CPU
		{3ECB9AEA-EBAB-422E-A01D-1D9C6CB8739E}.Release|Any CPU.Build.0 = Release|Any CPU
		{BE72300D-59D3-4A25-ABF6-CA173747BEBE}.Debug|Any CPU.ActiveCfg = Debug|Any CPU
		{BE72300D-59D3-4A25-ABF6-CA173747BEBE}.Debug|Any CPU.Build.0 = Debug|Any CPU
		{BE72300D-59D3-4A25-ABF6-CA173747BEBE}.Release|Any CPU.ActiveCfg = Release|Any CPU
		{BE72300D-59D3-4A25-ABF6-CA173747BEBE}.Release|Any CPU.Build.0 = Release|Any CPU
	EndGlobalSection
	GlobalSection(SolutionProperties) = preSolution
		HideSolutionNode = FALSE
	EndGlobalSection
EndGlobal
