
Microsoft Visual Studio Solution File, Format Version 12.00
# Visual Studio Version 17
VisualStudioVersion = 17.12.35527.113
MinimumVisualStudioVersion = 10.0.40219.1
Project("{FAE04EC0-301F-11D3-BF4B-00C04F79EFBC}") = "ElasticSyncExample", "ElasticSyncExample\ElasticSyncExample.csproj", "{9413AA38-F573-4E89-9508-9446A3FBC9D0}"
EndProject
Project("{FAE04EC0-301F-11D3-BF4B-00C04F79EFBC}") = "ElasticSync.NET", "..\..\ElasticSync.NET\ElasticSync.NET\ElasticSync.NET.csproj", "{5B9D8B63-66D9-4A63-B797-97EAF0DC6238}"
EndProject
Project("{FAE04EC0-301F-11D3-BF4B-00C04F79EFBC}") = "ElasticSync.Net.SqlServer", "ElasticSync.Net.SqlServer\ElasticSync.Net.SqlServer.csproj", "{29E207E5-2988-4A8A-A333-179E78031034}"
EndProject
Project("{FAE04EC0-301F-11D3-BF4B-00C04F79EFBC}") = "ElasticSync.Net.PostgreSql", "..\..\ElasticSync.Net.PostgreSql\ElasticSync.Net.PostgreSql.csproj", "{C0F4CAA2-8B62-4708-859C-CF18B3D58DCB}"
EndProject
Project("{FAE04EC0-301F-11D3-BF4B-00C04F79EFBC}") = "ElasticSync.Net.PostgreSql.CDC", "..\..\ElasticSync.Net.PostgreSql.CDC\ElasticSync.Net.PostgreSql.CDC\ElasticSync.Net.PostgreSql.CDC.csproj", "{8EAC2A3B-C1BB-4CD8-ABB1-C21A6DD98C14}"
EndProject
Global
	GlobalSection(SolutionConfigurationPlatforms) = preSolution
		Debug|Any CPU = Debug|Any CPU
		Release|Any CPU = Release|Any CPU
	EndGlobalSection
	GlobalSection(ProjectConfigurationPlatforms) = postSolution
		{9413AA38-F573-4E89-9508-9446A3FBC9D0}.Debug|Any CPU.ActiveCfg = Debug|Any CPU
		{9413AA38-F573-4E89-9508-9446A3FBC9D0}.Debug|Any CPU.Build.0 = Debug|Any CPU
		{9413AA38-F573-4E89-9508-9446A3FBC9D0}.Release|Any CPU.ActiveCfg = Release|Any CPU
		{9413AA38-F573-4E89-9508-9446A3FBC9D0}.Release|Any CPU.Build.0 = Release|Any CPU
		{5B9D8B63-66D9-4A63-B797-97EAF0DC6238}.Debug|Any CPU.ActiveCfg = Debug|Any CPU
		{5B9D8B63-66D9-4A63-B797-97EAF0DC6238}.Debug|Any CPU.Build.0 = Debug|Any CPU
		{5B9D8B63-66D9-4A63-B797-97EAF0DC6238}.Release|Any CPU.ActiveCfg = Release|Any CPU
		{5B9D8B63-66D9-4A63-B797-97EAF0DC6238}.Release|Any CPU.Build.0 = Release|Any CPU
		{29E207E5-2988-4A8A-A333-179E78031034}.Debug|Any CPU.ActiveCfg = Debug|Any CPU
		{29E207E5-2988-4A8A-A333-179E78031034}.Debug|Any CPU.Build.0 = Debug|Any CPU
		{29E207E5-2988-4A8A-A333-179E78031034}.Release|Any CPU.ActiveCfg = Release|Any CPU
		{29E207E5-2988-4A8A-A333-179E78031034}.Release|Any CPU.Build.0 = Release|Any CPU
		{C0F4CAA2-8B62-4708-859C-CF18B3D58DCB}.Debug|Any CPU.ActiveCfg = Debug|Any CPU
		{C0F4CAA2-8B62-4708-859C-CF18B3D58DCB}.Debug|Any CPU.Build.0 = Debug|Any CPU
		{C0F4CAA2-8B62-4708-859C-CF18B3D58DCB}.Release|Any CPU.ActiveCfg = Release|Any CPU
		{C0F4CAA2-8B62-4708-859C-CF18B3D58DCB}.Release|Any CPU.Build.0 = Release|Any CPU
		{8EAC2A3B-C1BB-4CD8-ABB1-C21A6DD98C14}.Debug|Any CPU.ActiveCfg = Debug|Any CPU
		{8EAC2A3B-C1BB-4CD8-ABB1-C21A6DD98C14}.Debug|Any CPU.Build.0 = Debug|Any CPU
		{8EAC2A3B-C1BB-4CD8-ABB1-C21A6DD98C14}.Release|Any CPU.ActiveCfg = Release|Any CPU
		{8EAC2A3B-C1BB-4CD8-ABB1-C21A6DD98C14}.Release|Any CPU.Build.0 = Release|Any CPU
	EndGlobalSection
	GlobalSection(SolutionProperties) = preSolution
		HideSolutionNode = FALSE
	EndGlobalSection
EndGlobal
